
Microsoft Visual Studio Solution File, Format Version 12.00
# Visual Studio Version 17
VisualStudioVersion = 17.12.35707.178 d17.12
MinimumVisualStudioVersion = 10.0.40219.1
Project("{FAE04EC0-301F-11D3-BF4B-00C04F79EFBC}") = "Act 3 (Semana 9)", "Act 3 (Semana 9)\Act 3 (Semana 9).csproj", "{BB0118C3-782B-4247-8296-B5C95464626A}"
EndProject
Global
	GlobalSection(SolutionConfigurationPlatforms) = preSolution
		Debug|Any CPU = Debug|Any CPU
		Release|Any CPU = Release|Any CPU
	EndGlobalSection
	GlobalSection(ProjectConfigurationPlatforms) = postSolution
		{BB0118C3-782B-4247-8296-B5C95464626A}.Debug|Any CPU.ActiveCfg = Debug|Any CPU
		{BB0118C3-782B-4247-8296-B5C95464626A}.Debug|Any CPU.Build.0 = Debug|Any CPU
		{BB0118C3-782B-4247-8296-B5C95464626A}.Release|Any CPU.ActiveCfg = Release|Any CPU
		{BB0118C3-782B-4247-8296-B5C95464626A}.Release|Any CPU.Build.0 = Release|Any CPU
	EndGlobalSection
	GlobalSection(SolutionProperties) = preSolution
		HideSolutionNode = FALSE
	EndGlobalSection
EndGlobal
