
Microsoft Visual Studio Solution File, Format Version 12.00
# Visual Studio Version 17
VisualStudioVersion = 17.14.36414.22 d17.14
MinimumVisualStudioVersion = 10.0.40219.1
Project("{FAE04EC0-301F-11D3-BF4B-00C04F79EFBC}") = "ejercicio 3 semana 4", "ejercicio 3 semana 4.csproj", "{AD984851-5576-4F87-8162-092975FDC0CE}"
EndProject
Global
	GlobalSection(SolutionConfigurationPlatforms) = preSolution
		Debug|Any CPU = Debug|Any CPU
		Release|Any CPU = Release|Any CPU
	EndGlobalSection
	GlobalSection(ProjectConfigurationPlatforms) = postSolution
		{AD984851-5576-4F87-8162-092975FDC0CE}.Debug|Any CPU.ActiveCfg = Debug|Any CPU
		{AD984851-5576-4F87-8162-092975FDC0CE}.Debug|Any CPU.Build.0 = Debug|Any CPU
		{AD984851-5576-4F87-8162-092975FDC0CE}.Release|Any CPU.ActiveCfg = Release|Any CPU
		{AD984851-5576-4F87-8162-092975FDC0CE}.Release|Any CPU.Build.0 = Release|Any CPU
	EndGlobalSection
	GlobalSection(SolutionProperties) = preSolution
		HideSolutionNode = FALSE
	EndGlobalSection
	GlobalSection(ExtensibilityGlobals) = postSolution
		SolutionGuid = {4724BF1A-D7C9-4958-866C-03DADC39C150}
	EndGlobalSection
EndGlobal
