
Microsoft Visual Studio Solution File, Format Version 12.00
# Visual Studio Version 17
VisualStudioVersion = 17.14.36401.2 d17.14
MinimumVisualStudioVersion = 10.0.40219.1
Project("{FAE04EC0-301F-11D3-BF4B-00C04F79EFBC}") = "Semana 5 LCOM", "Semana 5 LCOM.csproj", "{B354C279-FC6B-4915-8706-A0FC9537CB19}"
EndProject
Global
	GlobalSection(SolutionConfigurationPlatforms) = preSolution
		Debug|Any CPU = Debug|Any CPU
		Release|Any CPU = Release|Any CPU
	EndGlobalSection
	GlobalSection(ProjectConfigurationPlatforms) = postSolution
		{B354C279-FC6B-4915-8706-A0FC9537CB19}.Debug|Any CPU.ActiveCfg = Debug|Any CPU
		{B354C279-FC6B-4915-8706-A0FC9537CB19}.Debug|Any CPU.Build.0 = Debug|Any CPU
		{B354C279-FC6B-4915-8706-A0FC9537CB19}.Release|Any CPU.ActiveCfg = Release|Any CPU
		{B354C279-FC6B-4915-8706-A0FC9537CB19}.Release|Any CPU.Build.0 = Release|Any CPU
	EndGlobalSection
	GlobalSection(SolutionProperties) = preSolution
		HideSolutionNode = FALSE
	EndGlobalSection
	GlobalSection(ExtensibilityGlobals) = postSolution
		SolutionGuid = {47577F76-5E90-4239-A61F-895984A4053B}
	EndGlobalSection
EndGlobal
