
Microsoft Visual Studio Solution File, Format Version 12.00
# Visual Studio Version 17
VisualStudioVersion = 17.14.36414.22 d17.14
MinimumVisualStudioVersion = 10.0.40219.1
Project("{FAE04EC0-301F-11D3-BF4B-00C04F79EFBC}") = "Sistema de seguridad por contraseña (Semana 7, actividad 1)", "Sistema de seguridad por contraseña (Semana 7, actividad 1).csproj", "{939369CC-709A-4B38-8423-2A9C9FF0751F}"
EndProject
Global
	GlobalSection(SolutionConfigurationPlatforms) = preSolution
		Debug|Any CPU = Debug|Any CPU
		Release|Any CPU = Release|Any CPU
	EndGlobalSection
	GlobalSection(ProjectConfigurationPlatforms) = postSolution
		{939369CC-709A-4B38-8423-2A9C9FF0751F}.Debug|Any CPU.ActiveCfg = Debug|Any CPU
		{939369CC-709A-4B38-8423-2A9C9FF0751F}.Debug|Any CPU.Build.0 = Debug|Any CPU
		{939369CC-709A-4B38-8423-2A9C9FF0751F}.Release|Any CPU.ActiveCfg = Release|Any CPU
		{939369CC-709A-4B38-8423-2A9C9FF0751F}.Release|Any CPU.Build.0 = Release|Any CPU
	EndGlobalSection
	GlobalSection(SolutionProperties) = preSolution
		HideSolutionNode = FALSE
	EndGlobalSection
	GlobalSection(ExtensibilityGlobals) = postSolution
		SolutionGuid = {77D952DB-C9BD-4FD6-8606-A64F4F534BD7}
	EndGlobalSection
EndGlobal
