
Microsoft Visual Studio Solution File, Format Version 12.00
# Visual Studio Version 17
VisualStudioVersion = 17.14.36414.22 d17.14
MinimumVisualStudioVersion = 10.0.40219.1
Project("{FAE04EC0-301F-11D3-BF4B-00C04F79EFBC}") = "Franks", "Franks.csproj", "{7F3249CC-7102-401D-845B-0ED1814A6A60}"
EndProject
Global
	GlobalSection(SolutionConfigurationPlatforms) = preSolution
		Debug|Any CPU = Debug|Any CPU
		Release|Any CPU = Release|Any CPU
	EndGlobalSection
	GlobalSection(ProjectConfigurationPlatforms) = postSolution
		{7F3249CC-7102-401D-845B-0ED1814A6A60}.Debug|Any CPU.ActiveCfg = Debug|Any CPU
		{7F3249CC-7102-401D-845B-0ED1814A6A60}.Debug|Any CPU.Build.0 = Debug|Any CPU
		{7F3249CC-7102-401D-845B-0ED1814A6A60}.Release|Any CPU.ActiveCfg = Release|Any CPU
		{7F3249CC-7102-401D-845B-0ED1814A6A60}.Release|Any CPU.Build.0 = Release|Any CPU
	EndGlobalSection
	GlobalSection(SolutionProperties) = preSolution
		HideSolutionNode = FALSE
	EndGlobalSection
	GlobalSection(ExtensibilityGlobals) = postSolution
		SolutionGuid = {3FE5F9A6-9300-49EA-9B6B-123E32D76CF1}
	EndGlobalSection
EndGlobal
