
Microsoft Visual Studio Solution File, Format Version 12.00
# Visual Studio Version 17
VisualStudioVersion = 17.14.36414.22 d17.14
MinimumVisualStudioVersion = 10.0.40219.1
Project("{FAE04EC0-301F-11D3-BF4B-00C04F79EFBC}") = "ejercicio 3(semana 3)", "ejercicio 3(semana 3).csproj", "{898E1755-ADB9-4C3C-9A70-2A7355E20884}"
EndProject
Global
	GlobalSection(SolutionConfigurationPlatforms) = preSolution
		Debug|Any CPU = Debug|Any CPU
		Release|Any CPU = Release|Any CPU
	EndGlobalSection
	GlobalSection(ProjectConfigurationPlatforms) = postSolution
		{898E1755-ADB9-4C3C-9A70-2A7355E20884}.Debug|Any CPU.ActiveCfg = Debug|Any CPU
		{898E1755-ADB9-4C3C-9A70-2A7355E20884}.Debug|Any CPU.Build.0 = Debug|Any CPU
		{898E1755-ADB9-4C3C-9A70-2A7355E20884}.Release|Any CPU.ActiveCfg = Release|Any CPU
		{898E1755-ADB9-4C3C-9A70-2A7355E20884}.Release|Any CPU.Build.0 = Release|Any CPU
	EndGlobalSection
	GlobalSection(SolutionProperties) = preSolution
		HideSolutionNode = FALSE
	EndGlobalSection
	GlobalSection(ExtensibilityGlobals) = postSolution
		SolutionGuid = {FCE32870-A825-4BCB-BFEB-347FBE0A14DE}
	EndGlobalSection
EndGlobal
