
Microsoft Visual Studio Solution File, Format Version 12.00
# Visual Studio Version 17
VisualStudioVersion = 17.14.36414.22 d17.14
MinimumVisualStudioVersion = 10.0.40219.1
Project("{FAE04EC0-301F-11D3-BF4B-00C04F79EFBC}") = "Problema 2 (V.2.0)", "Problema 2 (V.2.0).csproj", "{13DDDC13-477B-41F9-8E2C-D29EBB8C471F}"
EndProject
Global
	GlobalSection(SolutionConfigurationPlatforms) = preSolution
		Debug|Any CPU = Debug|Any CPU
		Release|Any CPU = Release|Any CPU
	EndGlobalSection
	GlobalSection(ProjectConfigurationPlatforms) = postSolution
		{13DDDC13-477B-41F9-8E2C-D29EBB8C471F}.Debug|Any CPU.ActiveCfg = Debug|Any CPU
		{13DDDC13-477B-41F9-8E2C-D29EBB8C471F}.Debug|Any CPU.Build.0 = Debug|Any CPU
		{13DDDC13-477B-41F9-8E2C-D29EBB8C471F}.Release|Any CPU.ActiveCfg = Release|Any CPU
		{13DDDC13-477B-41F9-8E2C-D29EBB8C471F}.Release|Any CPU.Build.0 = Release|Any CPU
	EndGlobalSection
	GlobalSection(SolutionProperties) = preSolution
		HideSolutionNode = FALSE
	EndGlobalSection
	GlobalSection(ExtensibilityGlobals) = postSolution
		SolutionGuid = {DAF21A54-4D76-4F06-818C-D9C322524C2B}
	EndGlobalSection
EndGlobal
