
Microsoft Visual Studio Solution File, Format Version 12.00
# Visual Studio Version 17
VisualStudioVersion = 17.9.34723.18
MinimumVisualStudioVersion = 10.0.40219.1
Project("{FAE04EC0-301F-11D3-BF4B-00C04F79EFBC}") = "LCOM1.2 (SEMANA 12)", "LCOM1.2 (SEMANA 12)\LCOM1.2 (SEMANA 12).csproj", "{A2D1FF6D-8710-4986-A71C-5A0F0CCF7116}"
EndProject
Global
	GlobalSection(SolutionConfigurationPlatforms) = preSolution
		Debug|Any CPU = Debug|Any CPU
		Release|Any CPU = Release|Any CPU
	EndGlobalSection
	GlobalSection(ProjectConfigurationPlatforms) = postSolution
		{A2D1FF6D-8710-4986-A71C-5A0F0CCF7116}.Debug|Any CPU.ActiveCfg = Debug|Any CPU
		{A2D1FF6D-8710-4986-A71C-5A0F0CCF7116}.Debug|Any CPU.Build.0 = Debug|Any CPU
		{A2D1FF6D-8710-4986-A71C-5A0F0CCF7116}.Release|Any CPU.ActiveCfg = Release|Any CPU
		{A2D1FF6D-8710-4986-A71C-5A0F0CCF7116}.Release|Any CPU.Build.0 = Release|Any CPU
	EndGlobalSection
	GlobalSection(SolutionProperties) = preSolution
		HideSolutionNode = FALSE
	EndGlobalSection
	GlobalSection(ExtensibilityGlobals) = postSolution
		SolutionGuid = {3B5A59A4-8D19-46A1-A26C-36A8D3D15676}
	EndGlobalSection
EndGlobal
